# This file is automatically @generated by Cargo.
# It is not intended for manual editing.
[[package]]
name = "memchr"
version = "2.2.1"
source = "registry+https://github.com/rust-lang/crates.io-index"

[[package]]
name = "osm-to-sql"
version = "0.1.2"
dependencies = [
 "quick-xml 0.16.1 (registry+https://github.com/rust-lang/crates.io-index)",
]

[[package]]
name = "quick-xml"
version = "0.16.1"
source = "registry+https://github.com/rust-lang/crates.io-index"
dependencies = [
 "memchr 2.2.1 (registry+https://github.com/rust-lang/crates.io-index)",
]

[metadata]
"checksum memchr 2.2.1 (registry+https://github.com/rust-lang/crates.io-index)" = "88579771288728879b57485cc7d6b07d648c9f0141eb955f8ab7f9d45394468e"
"checksum quick-xml 0.16.1 (registry+https://github.com/rust-lang/crates.io-index)" = "1cd45021132c1cb5540995e93fcc2cf5a874ef84f9639168fb6819caa023d4be"
